{
    "name": "notify",
    "version": "0.1.0",
    "lockfileVersion": 1,
    "requires": true,
    "dependencies": {
        "@angular/core": {
            "version": "8.2.12",
            "resolved": "https://registry.npmjs.org/@angular/core/-/core-8.2.12.tgz",
            "integrity": "sha512-wEFwhHCuuXynXAMeA1G+0KIYY0jqXYs7I8p+GO+ufKoUmzWHFTvtMJ6nvKgy+LmZTByO2gf9oVAAlRodNb8ttQ==",
            "requires": {
                "tslib": "^1.9.0"
            }
        },
        "@ionic-native/core": {
            "version": "5.15.1",
            "resolved": "https://registry.npmjs.org/@ionic-native/core/-/core-5.15.1.tgz",
            "integrity": "sha512-Evgh4Y85PtSXV7jSvNM3TnY+YAqhpfhEzX5tKg64wKH1NVeHhPJAjxDJhy/9UVMsAENYXkPmFRTdsGRcINGBrg==",
            "requires": {
                "@types/cordova": "^0.0.34"
            }
        },
        "@types/cordova": {
            "version": "0.0.34",
            "resolved": "https://registry.npmjs.org/@types/cordova/-/cordova-0.0.34.tgz",
            "integrity": "sha1-6nrd907Ow9dimCegw54smt3HPQQ="
        },
        "rxjs": {
            "version": "6.5.3",
            "resolved": "https://registry.npmjs.org/rxjs/-/rxjs-6.5.3.tgz",
            "integrity": "sha512-wuYsAYYFdWTAnAaPoKGNhfpWwKZbJW+HgAJ+mImp+Epl7BG8oNWBCTyRM8gba9k4lk8BgWdoYm21Mo/RYhhbgA==",
            "requires": {
                "tslib": "^1.9.0"
            }
        },
        "tslib": {
            "version": "1.10.0",
            "resolved": "https://registry.npmjs.org/tslib/-/tslib-1.10.0.tgz",
            "integrity": "sha512-qOebF53frne81cf0S9B41ByenJ3/IuH8yJKngAX35CmiZySA0khhkovshKK+jGCaMnVomla7gVlIcc3EvKPbTQ=="
        }
    }
}
